// !$*UTF8*$!
{
	archiveVersion = 1;
	classes = {
	};
	objectVersion = 56;
	objects = {

/* Begin PBXBuildFile section */
		2A0000010000000000000001 /* ImmichUploaderApp.swift in Sources */ = {isa = PBXBuildFile; fileRef = 2A0000020000000000000001 /* ImmichUploaderApp.swift */; };
		2A0000030000000000000001 /* ContentView.swift in Sources */ = {isa = PBXBuildFile; fileRef = 2A0000040000000000000001 /* ContentView.swift */; };
		2A0000050000000000000001 /* Assets.xcassets in Resources */ = {isa = PBXBuildFile; fileRef = 2A0000060000000000000001 /* Assets.xcassets */; };
		2A0000070000000000000001 /* LoginView.swift in Sources */ = {isa = PBXBuildFile; fileRef = 2A0000080000000000000001 /* LoginView.swift */; };
		2A0000090000000000000001 /* PhotoGridView.swift in Sources */ = {isa = PBXBuildFile; fileRef = 2A00000A0000000000000001 /* PhotoGridView.swift */; };
		2A00000B0000000000000001 /* PhotoThumbnailView.swift in Sources */ = {isa = PBXBuildFile; fileRef = 2A00000C0000000000000001 /* PhotoThumbnailView.swift */; };
		2A00000D0000000000000001 /* ImmichAPIService.swift in Sources */ = {isa = PBXBuildFile; fileRef = 2A00000E0000000000000001 /* ImmichAPIService.swift */; };
		2A00000F0000000000000001 /* PhotoLibraryManager.swift in Sources */ = {isa = PBXBuildFile; fileRef = 2A0000100000000000000001 /* PhotoLibraryManager.swift */; };
		2A0000110000000000000001 /* DatabaseManager.swift in Sources */ = {isa = PBXBuildFile; fileRef = 2A0000120000000000000001 /* DatabaseManager.swift */; };
		2A0000130000000000000001 /* SettingsManager.swift in Sources */ = {isa = PBXBuildFile; fileRef = 2A0000140000000000000001 /* SettingsManager.swift */; };
		2A0000150000000000000001 /* UploadManager.swift in Sources */ = {isa = PBXBuildFile; fileRef = 2A0000160000000000000001 /* UploadManager.swift */; };
		2A0000170000000000000001 /* PhotoAsset.swift in Sources */ = {isa = PBXBuildFile; fileRef = 2A0000180000000000000001 /* PhotoAsset.swift */; };
		2A0000190000000000000001 /* UploadProgressView.swift in Sources */ = {isa = PBXBuildFile; fileRef = 2A00001A0000000000000001 /* UploadProgressView.swift */; };
		2A00002E0000000000000001 /* HashService.swift in Sources */ = {isa = PBXBuildFile; fileRef = 2A00002F0000000000000001 /* HashService.swift */; };
		2A0000300000000000000001 /* HashManager.swift in Sources */ = {isa = PBXBuildFile; fileRef = 2A0000310000000000000001 /* HashManager.swift */; };
		2A0000320000000000000001 /* ImmichSQLiteImporter.swift in Sources */ = {isa = PBXBuildFile; fileRef = 2A0000330000000000000001 /* ImmichSQLiteImporter.swift */; };
		2A0000340000000000000001 /* ImportDatabaseView.swift in Sources */ = {isa = PBXBuildFile; fileRef = 2A0000350000000000000001 /* ImportDatabaseView.swift */; };
		2A0000360000000000000001 /* Localization.swift in Sources */ = {isa = PBXBuildFile; fileRef = 2A0000370000000000000001 /* Localization.swift */; };
		2A0000380000000000000001 /* Localizable.strings in Resources */ = {isa = PBXBuildFile; fileRef = 2A0000390000000000000001 /* Localizable.strings */; };
		2A00003E0000000000000001 /* InfoPlist.strings in Resources */ = {isa = PBXBuildFile; fileRef = 2A00003F0000000000000001 /* InfoPlist.strings */; };
		2A0000420000000000000001 /* LogService.swift in Sources */ = {isa = PBXBuildFile; fileRef = 2A0000430000000000000001 /* LogService.swift */; };
		2A0000440000000000000001 /* ThumbnailCache.swift in Sources */ = {isa = PBXBuildFile; fileRef = 2A0000450000000000000001 /* ThumbnailCache.swift */; };
		2A0000460000000000000001 /* OnboardingImportView.swift in Sources */ = {isa = PBXBuildFile; fileRef = 2A0000470000000000000001 /* OnboardingImportView.swift */; };
/* End PBXBuildFile section */

/* Begin PBXCopyFilesBuildPhase section */
		BCA8201D2EFAF34700245A14 /* Embed ExtensionKit Extensions */ = {
			isa = PBXCopyFilesBuildPhase;
			buildActionMask = 2147483647;
			dstPath = "$(EXTENSIONS_FOLDER_PATH)";
			dstSubfolderSpec = 16;
			files = (
			);
			name = "Embed ExtensionKit Extensions";
			runOnlyForDeploymentPostprocessing = 0;
		};
/* End PBXCopyFilesBuildPhase section */

/* Begin PBXFileReference section */
		2A0000020000000000000001 /* ImmichUploaderApp.swift */ = {isa = PBXFileReference; lastKnownFileType = sourcecode.swift; path = ImmichUploaderApp.swift; sourceTree = "<group>"; };
		2A0000040000000000000001 /* ContentView.swift */ = {isa = PBXFileReference; lastKnownFileType = sourcecode.swift; path = ContentView.swift; sourceTree = "<group>"; };
		2A0000060000000000000001 /* Assets.xcassets */ = {isa = PBXFileReference; lastKnownFileType = folder.assetcatalog; path = Assets.xcassets; sourceTree = "<group>"; };
		2A0000080000000000000001 /* LoginView.swift */ = {isa = PBXFileReference; lastKnownFileType = sourcecode.swift; path = LoginView.swift; sourceTree = "<group>"; };
		2A00000A0000000000000001 /* PhotoGridView.swift */ = {isa = PBXFileReference; lastKnownFileType = sourcecode.swift; path = PhotoGridView.swift; sourceTree = "<group>"; };
		2A00000C0000000000000001 /* PhotoThumbnailView.swift */ = {isa = PBXFileReference; lastKnownFileType = sourcecode.swift; path = PhotoThumbnailView.swift; sourceTree = "<group>"; };
		2A00000E0000000000000001 /* ImmichAPIService.swift */ = {isa = PBXFileReference; lastKnownFileType = sourcecode.swift; path = ImmichAPIService.swift; sourceTree = "<group>"; };
		2A0000100000000000000001 /* PhotoLibraryManager.swift */ = {isa = PBXFileReference; lastKnownFileType = sourcecode.swift; path = PhotoLibraryManager.swift; sourceTree = "<group>"; };
		2A0000120000000000000001 /* DatabaseManager.swift */ = {isa = PBXFileReference; lastKnownFileType = sourcecode.swift; path = DatabaseManager.swift; sourceTree = "<group>"; };
		2A0000140000000000000001 /* SettingsManager.swift */ = {isa = PBXFileReference; lastKnownFileType = sourcecode.swift; path = SettingsManager.swift; sourceTree = "<group>"; };
		2A0000160000000000000001 /* UploadManager.swift */ = {isa = PBXFileReference; lastKnownFileType = sourcecode.swift; path = UploadManager.swift; sourceTree = "<group>"; };
		2A0000180000000000000001 /* PhotoAsset.swift */ = {isa = PBXFileReference; lastKnownFileType = sourcecode.swift; path = PhotoAsset.swift; sourceTree = "<group>"; };
		2A00001A0000000000000001 /* UploadProgressView.swift */ = {isa = PBXFileReference; lastKnownFileType = sourcecode.swift; path = UploadProgressView.swift; sourceTree = "<group>"; };
		2A00001B0000000000000001 /* ImmichUploader.app */ = {isa = PBXFileReference; explicitFileType = wrapper.application; includeInIndex = 0; path = ImmichUploader.app; sourceTree = BUILT_PRODUCTS_DIR; };
		2A00001C0000000000000001 /* Info.plist */ = {isa = PBXFileReference; lastKnownFileType = text.plist.xml; path = Info.plist; sourceTree = "<group>"; };
		2A00002F0000000000000001 /* HashService.swift */ = {isa = PBXFileReference; lastKnownFileType = sourcecode.swift; path = HashService.swift; sourceTree = "<group>"; };
		2A0000310000000000000001 /* HashManager.swift */ = {isa = PBXFileReference; lastKnownFileType = sourcecode.swift; path = HashManager.swift; sourceTree = "<group>"; };
		2A0000330000000000000001 /* ImmichSQLiteImporter.swift */ = {isa = PBXFileReference; lastKnownFileType = sourcecode.swift; path = ImmichSQLiteImporter.swift; sourceTree = "<group>"; };
		2A0000350000000000000001 /* ImportDatabaseView.swift */ = {isa = PBXFileReference; lastKnownFileType = sourcecode.swift; path = ImportDatabaseView.swift; sourceTree = "<group>"; };
		2A0000370000000000000001 /* Localization.swift */ = {isa = PBXFileReference; lastKnownFileType = sourcecode.swift; path = Localization.swift; sourceTree = "<group>"; };
		2A00003A0000000000000001 /* en */ = {isa = PBXFileReference; lastKnownFileType = text.plist.strings; name = en; path = en.lproj/Localizable.strings; sourceTree = "<group>"; };
		2A00003B0000000000000001 /* zh-Hant */ = {isa = PBXFileReference; lastKnownFileType = text.plist.strings; name = "zh-Hant"; path = "zh-Hant.lproj/Localizable.strings"; sourceTree = "<group>"; };
		2A0000400000000000000001 /* en */ = {isa = PBXFileReference; lastKnownFileType = text.plist.strings; name = en; path = en.lproj/InfoPlist.strings; sourceTree = "<group>"; };
		2A0000410000000000000001 /* zh-Hant */ = {isa = PBXFileReference; lastKnownFileType = text.plist.strings; name = "zh-Hant"; path = "zh-Hant.lproj/InfoPlist.strings"; sourceTree = "<group>"; };
		2A0000430000000000000001 /* LogService.swift */ = {isa = PBXFileReference; lastKnownFileType = sourcecode.swift; path = LogService.swift; sourceTree = "<group>"; };
		2A0000450000000000000001 /* ThumbnailCache.swift */ = {isa = PBXFileReference; lastKnownFileType = sourcecode.swift; path = ThumbnailCache.swift; sourceTree = "<group>"; };
		2A0000470000000000000001 /* OnboardingImportView.swift */ = {isa = PBXFileReference; lastKnownFileType = sourcecode.swift; path = OnboardingImportView.swift; sourceTree = "<group>"; };
/* End PBXFileReference section */

/* Begin PBXFrameworksBuildPhase section */
		2A00001D0000000000000001 /* Frameworks */ = {
			isa = PBXFrameworksBuildPhase;
			buildActionMask = 2147483647;
			files = (
			);
			runOnlyForDeploymentPostprocessing = 0;
		};
/* End PBXFrameworksBuildPhase section */

/* Begin PBXGroup section */
		2A00001E0000000000000001 = {
			isa = PBXGroup;
			children = (
				2A00001F0000000000000001 /* ImmichUploader */,
				2A0000200000000000000001 /* Products */,
			);
			sourceTree = "<group>";
		};
		2A00001F0000000000000001 /* ImmichUploader */ = {
			isa = PBXGroup;
			children = (
				2A0000020000000000000001 /* ImmichUploaderApp.swift */,
				2A0000040000000000000001 /* ContentView.swift */,
				2A0000210000000000000001 /* Views */,
				2A0000220000000000000001 /* Services */,
				2A0000230000000000000001 /* Models */,
				2A00003C0000000000000001 /* Utilities */,
				2A00003D0000000000000001 /* Resources */,
				2A0000060000000000000001 /* Assets.xcassets */,
				2A00001C0000000000000001 /* Info.plist */,
			);
			path = ImmichUploader;
			sourceTree = "<group>";
		};
		2A0000200000000000000001 /* Products */ = {
			isa = PBXGroup;
			children = (
				2A00001B0000000000000001 /* ImmichUploader.app */,
			);
			name = Products;
			sourceTree = "<group>";
		};
		2A0000210000000000000001 /* Views */ = {
			isa = PBXGroup;
			children = (
				2A0000080000000000000001 /* LoginView.swift */,
				2A00000A0000000000000001 /* PhotoGridView.swift */,
				2A00000C0000000000000001 /* PhotoThumbnailView.swift */,
				2A00001A0000000000000001 /* UploadProgressView.swift */,
				2A0000350000000000000001 /* ImportDatabaseView.swift */,
				2A0000470000000000000001 /* OnboardingImportView.swift */,
			);
			path = Views;
			sourceTree = "<group>";
		};
		2A0000220000000000000001 /* Services */ = {
			isa = PBXGroup;
			children = (
				2A00000E0000000000000001 /* ImmichAPIService.swift */,
				2A0000100000000000000001 /* PhotoLibraryManager.swift */,
				2A0000120000000000000001 /* DatabaseManager.swift */,
				2A0000140000000000000001 /* SettingsManager.swift */,
				2A0000160000000000000001 /* UploadManager.swift */,
				2A00002F0000000000000001 /* HashService.swift */,
				2A0000310000000000000001 /* HashManager.swift */,
				2A0000330000000000000001 /* ImmichSQLiteImporter.swift */,
				2A0000430000000000000001 /* LogService.swift */,
				2A0000450000000000000001 /* ThumbnailCache.swift */,
			);
			path = Services;
			sourceTree = "<group>";
		};
		2A0000230000000000000001 /* Models */ = {
			isa = PBXGroup;
			children = (
				2A0000180000000000000001 /* PhotoAsset.swift */,
			);
			path = Models;
			sourceTree = "<group>";
		};
		2A00003C0000000000000001 /* Utilities */ = {
			isa = PBXGroup;
			children = (
				2A0000370000000000000001 /* Localization.swift */,
			);
			path = Utilities;
			sourceTree = "<group>";
		};
		2A00003D0000000000000001 /* Resources */ = {
			isa = PBXGroup;
			children = (
				2A0000390000000000000001 /* Localizable.strings */,
				2A00003F0000000000000001 /* InfoPlist.strings */,
			);
			path = Resources;
			sourceTree = "<group>";
		};
/* End PBXGroup section */

/* Begin PBXNativeTarget section */
		2A0000240000000000000001 /* ImmichUploader */ = {
			isa = PBXNativeTarget;
			buildConfigurationList = 2A0000250000000000000001 /* Build configuration list for PBXNativeTarget "ImmichUploader" */;
			buildPhases = (
				2A0000260000000000000001 /* Sources */,
				2A00001D0000000000000001 /* Frameworks */,
				2A0000270000000000000001 /* Resources */,
				BCA8201D2EFAF34700245A14 /* Embed ExtensionKit Extensions */,
			);
			buildRules = (
			);
			dependencies = (
			);
			name = ImmichUploader;
			productName = ImmichUploader;
			productReference = 2A00001B0000000000000001 /* ImmichUploader.app */;
			productType = "com.apple.product-type.application";
		};
/* End PBXNativeTarget section */

/* Begin PBXProject section */
		2A0000280000000000000001 /* Project object */ = {
			isa = PBXProject;
			attributes = {
				BuildIndependentTargetsInParallel = 1;
				LastSwiftUpdateCheck = 2620;
				LastUpgradeCheck = 1500;
				TargetAttributes = {
					2A0000240000000000000001 = {
						CreatedOnToolsVersion = 15.0;
					};
				};
			};
			buildConfigurationList = 2A0000290000000000000001 /* Build configuration list for PBXProject "ImmichUploader" */;
			compatibilityVersion = "Xcode 14.0";
			developmentRegion = en;
			hasScannedForEncodings = 0;
			knownRegions = (
				en,
				Base,
				"zh-Hant",
			);
			mainGroup = 2A00001E0000000000000001;
			productRefGroup = 2A0000200000000000000001 /* Products */;
			projectDirPath = "";
			projectRoot = "";
			targets = (
				2A0000240000000000000001 /* ImmichUploader */,
			);
		};
/* End PBXProject section */

/* Begin PBXResourcesBuildPhase section */
		2A0000270000000000000001 /* Resources */ = {
			isa = PBXResourcesBuildPhase;
			buildActionMask = 2147483647;
			files = (
				2A0000050000000000000001 /* Assets.xcassets in Resources */,
				2A0000380000000000000001 /* Localizable.strings in Resources */,
				2A00003E0000000000000001 /* InfoPlist.strings in Resources */,
			);
			runOnlyForDeploymentPostprocessing = 0;
		};
/* End PBXResourcesBuildPhase section */

/* Begin PBXSourcesBuildPhase section */
		2A0000260000000000000001 /* Sources */ = {
			isa = PBXSourcesBuildPhase;
			buildActionMask = 2147483647;
			files = (
				2A0000010000000000000001 /* ImmichUploaderApp.swift in Sources */,
				2A0000030000000000000001 /* ContentView.swift in Sources */,
				2A0000070000000000000001 /* LoginView.swift in Sources */,
				2A0000090000000000000001 /* PhotoGridView.swift in Sources */,
				2A00000B0000000000000001 /* PhotoThumbnailView.swift in Sources */,
				2A00000D0000000000000001 /* ImmichAPIService.swift in Sources */,
				2A00000F0000000000000001 /* PhotoLibraryManager.swift in Sources */,
				2A0000110000000000000001 /* DatabaseManager.swift in Sources */,
				2A0000130000000000000001 /* SettingsManager.swift in Sources */,
				2A0000150000000000000001 /* UploadManager.swift in Sources */,
				2A0000170000000000000001 /* PhotoAsset.swift in Sources */,
				2A0000190000000000000001 /* UploadProgressView.swift in Sources */,
				2A00002E0000000000000001 /* HashService.swift in Sources */,
				2A0000300000000000000001 /* HashManager.swift in Sources */,
				2A0000320000000000000001 /* ImmichSQLiteImporter.swift in Sources */,
				2A0000340000000000000001 /* ImportDatabaseView.swift in Sources */,
				2A0000360000000000000001 /* Localization.swift in Sources */,
				2A0000420000000000000001 /* LogService.swift in Sources */,
				2A0000440000000000000001 /* ThumbnailCache.swift in Sources */,
				2A0000460000000000000001 /* OnboardingImportView.swift in Sources */,
			);
			runOnlyForDeploymentPostprocessing = 0;
		};
/* End PBXSourcesBuildPhase section */

/* Begin PBXVariantGroup section */
		2A0000390000000000000001 /* Localizable.strings */ = {
			isa = PBXVariantGroup;
			children = (
				2A00003A0000000000000001 /* en */,
				2A00003B0000000000000001 /* zh-Hant */,
			);
			name = Localizable.strings;
			path = "";
			sourceTree = "<group>";
		};
		2A00003F0000000000000001 /* InfoPlist.strings */ = {
			isa = PBXVariantGroup;
			children = (
				2A0000400000000000000001 /* en */,
				2A0000410000000000000001 /* zh-Hant */,
			);
			name = InfoPlist.strings;
			path = "";
			sourceTree = "<group>";
		};
/* End PBXVariantGroup section */

/* Begin XCBuildConfiguration section */
		2A00002A0000000000000001 /* Debug */ = {
			isa = XCBuildConfiguration;
			buildSettings = {
				ALWAYS_SEARCH_USER_PATHS = NO;
				ASSETCATALOG_COMPILER_GENERATE_SWIFT_ASSET_SYMBOL_EXTENSIONS = YES;
				CLANG_ANALYZER_NONNULL = YES;
				CLANG_ANALYZER_NUMBER_OBJECT_CONVERSION = YES_AGGRESSIVE;
				CLANG_CXX_LANGUAGE_STANDARD = "gnu++20";
				CLANG_ENABLE_MODULES = YES;
				CLANG_ENABLE_OBJC_ARC = YES;
				CLANG_ENABLE_OBJC_WEAK = YES;
				CLANG_WARN_BLOCK_CAPTURE_AUTORELEASING = YES;
				CLANG_WARN_BOOL_CONVERSION = YES;
				CLANG_WARN_COMMA = YES;
				CLANG_WARN_CONSTANT_CONVERSION = YES;
				CLANG_WARN_DEPRECATED_OBJC_IMPLEMENTATIONS = YES;
				CLANG_WARN_DIRECT_OBJC_ISA_USAGE = YES_ERROR;
				CLANG_WARN_DOCUMENTATION_COMMENTS = YES;
				CLANG_WARN_EMPTY_BODY = YES;
				CLANG_WARN_ENUM_CONVERSION = YES;
				CLANG_WARN_INFINITE_RECURSION = YES;
				CLANG_WARN_INT_CONVERSION = YES;
				CLANG_WARN_NON_LITERAL_NULL_CONVERSION = YES;
				CLANG_WARN_OBJC_IMPLICIT_RETAIN_SELF = YES;
				CLANG_WARN_OBJC_LITERAL_CONVERSION = YES;
				CLANG_WARN_OBJC_ROOT_CLASS = YES_ERROR;
				CLANG_WARN_QUOTED_INCLUDE_IN_FRAMEWORK_HEADER = YES;
				CLANG_WARN_RANGE_LOOP_ANALYSIS = YES;
				CLANG_WARN_STRICT_PROTOTYPES = YES;
				CLANG_WARN_SUSPICIOUS_MOVE = YES;
				CLANG_WARN_UNGUARDED_AVAILABILITY = YES_AGGRESSIVE;
				CLANG_WARN_UNREACHABLE_CODE = YES;
				CLANG_WARN__DUPLICATE_METHOD_MATCH = YES;
				COPY_PHASE_STRIP = NO;
				DEBUG_INFORMATION_FORMAT = dwarf;
				ENABLE_STRICT_OBJC_MSGSEND = YES;
				ENABLE_TESTABILITY = YES;
				ENABLE_USER_SCRIPT_SANDBOXING = YES;
				GCC_C_LANGUAGE_STANDARD = gnu17;
				GCC_DYNAMIC_NO_PIC = NO;
				GCC_NO_COMMON_BLOCKS = YES;
				GCC_OPTIMIZATION_LEVEL = 0;
				GCC_PREPROCESSOR_DEFINITIONS = (
					"DEBUG=1",
					"$(inherited)",
				);
				GCC_WARN_64_TO_32_BIT_CONVERSION = YES;
				GCC_WARN_ABOUT_RETURN_TYPE = YES_ERROR;
				GCC_WARN_UNDECLARED_SELECTOR = YES;
				GCC_WARN_UNINITIALIZED_AUTOS = YES_AGGRESSIVE;
				GCC_WARN_UNUSED_FUNCTION = YES;
				GCC_WARN_UNUSED_VARIABLE = YES;
				IPHONEOS_DEPLOYMENT_TARGET = 17.0;
				LOCALIZATION_PREFERS_STRING_CATALOGS = YES;
				MTL_ENABLE_DEBUG_INFO = INCLUDE_SOURCE;
				MTL_FAST_MATH = YES;
				ONLY_ACTIVE_ARCH = YES;
				SDKROOT = iphoneos;
				SWIFT_ACTIVE_COMPILATION_CONDITIONS = "DEBUG $(inherited)";
				SWIFT_OPTIMIZATION_LEVEL = "-Onone";
			};
			name = Debug;
		};
		2A00002B0000000000000001 /* Release */ = {
			isa = XCBuildConfiguration;
			buildSettings = {
				ALWAYS_SEARCH_USER_PATHS = NO;
				ASSETCATALOG_COMPILER_GENERATE_SWIFT_ASSET_SYMBOL_EXTENSIONS = YES;
				CLANG_ANALYZER_NONNULL = YES;
				CLANG_ANALYZER_NUMBER_OBJECT_CONVERSION = YES_AGGRESSIVE;
				CLANG_CXX_LANGUAGE_STANDARD = "gnu++20";
				CLANG_ENABLE_MODULES = YES;
				CLANG_ENABLE_OBJC_ARC = YES;
				CLANG_ENABLE_OBJC_WEAK = YES;
				CLANG_WARN_BLOCK_CAPTURE_AUTORELEASING = YES;
				CLANG_WARN_BOOL_CONVERSION = YES;
				CLANG_WARN_COMMA = YES;
				CLANG_WARN_CONSTANT_CONVERSION = YES;
				CLANG_WARN_DEPRECATED_OBJC_IMPLEMENTATIONS = YES;
				CLANG_WARN_DIRECT_OBJC_ISA_USAGE = YES_ERROR;
				CLANG_WARN_DOCUMENTATION_COMMENTS = YES;
				CLANG_WARN_EMPTY_BODY = YES;
				CLANG_WARN_ENUM_CONVERSION = YES;
				CLANG_WARN_INFINITE_RECURSION = YES;
				CLANG_WARN_INT_CONVERSION = YES;
				CLANG_WARN_NON_LITERAL_NULL_CONVERSION = YES;
				CLANG_WARN_OBJC_IMPLICIT_RETAIN_SELF = YES;
				CLANG_WARN_OBJC_LITERAL_CONVERSION = YES;
				CLANG_WARN_OBJC_ROOT_CLASS = YES_ERROR;
				CLANG_WARN_QUOTED_INCLUDE_IN_FRAMEWORK_HEADER = YES;
				CLANG_WARN_RANGE_LOOP_ANALYSIS = YES;
				CLANG_WARN_STRICT_PROTOTYPES = YES;
				CLANG_WARN_SUSPICIOUS_MOVE = YES;
				CLANG_WARN_UNGUARDED_AVAILABILITY = YES_AGGRESSIVE;
				CLANG_WARN_UNREACHABLE_CODE = YES;
				CLANG_WARN__DUPLICATE_METHOD_MATCH = YES;
				COPY_PHASE_STRIP = NO;
				DEBUG_INFORMATION_FORMAT = "dwarf-with-dsym";
				ENABLE_NS_ASSERTIONS = NO;
				ENABLE_STRICT_OBJC_MSGSEND = YES;
				ENABLE_USER_SCRIPT_SANDBOXING = YES;
				GCC_C_LANGUAGE_STANDARD = gnu17;
				GCC_NO_COMMON_BLOCKS = YES;
				GCC_WARN_64_TO_32_BIT_CONVERSION = YES;
				GCC_WARN_ABOUT_RETURN_TYPE = YES_ERROR;
				GCC_WARN_UNDECLARED_SELECTOR = YES;
				GCC_WARN_UNINITIALIZED_AUTOS = YES_AGGRESSIVE;
				GCC_WARN_UNUSED_FUNCTION = YES;
				GCC_WARN_UNUSED_VARIABLE = YES;
				IPHONEOS_DEPLOYMENT_TARGET = 17.0;
				LOCALIZATION_PREFERS_STRING_CATALOGS = YES;
				MTL_ENABLE_DEBUG_INFO = NO;
				MTL_FAST_MATH = YES;
				SDKROOT = iphoneos;
				SWIFT_COMPILATION_MODE = wholemodule;
				VALIDATE_PRODUCT = YES;
			};
			name = Release;
		};
		2A00002C0000000000000001 /* Debug */ = {
			isa = XCBuildConfiguration;
			buildSettings = {
				ASSETCATALOG_COMPILER_APPICON_NAME = AppIcon;
				ASSETCATALOG_COMPILER_GLOBAL_ACCENT_COLOR_NAME = AccentColor;
				CODE_SIGN_STYLE = Automatic;
				CURRENT_PROJECT_VERSION = 1;
				DEVELOPMENT_TEAM = U46W9497DX;
				ENABLE_PREVIEWS = YES;
				GENERATE_INFOPLIST_FILE = YES;
				INFOPLIST_FILE = ImmichUploader/Info.plist;
				INFOPLIST_KEY_CFBundleDisplayName = "Immich Uploader";
				INFOPLIST_KEY_LSApplicationCategoryType = "public.app-category.utilities";
				INFOPLIST_KEY_UIApplicationSceneManifest_Generation = YES;
				INFOPLIST_KEY_UIApplicationSupportsIndirectInputEvents = YES;
				INFOPLIST_KEY_UILaunchScreen_Generation = YES;
				INFOPLIST_KEY_UISupportedInterfaceOrientations_iPad = "UIInterfaceOrientationPortrait UIInterfaceOrientationPortraitUpsideDown UIInterfaceOrientationLandscapeLeft UIInterfaceOrientationLandscapeRight";
				INFOPLIST_KEY_UISupportedInterfaceOrientations_iPhone = "UIInterfaceOrientationPortrait UIInterfaceOrientationLandscapeLeft UIInterfaceOrientationLandscapeRight";
				LD_RUNPATH_SEARCH_PATHS = (
					"$(inherited)",
					"@executable_path/Frameworks",
				);
				MARKETING_VERSION = 0.0.1;
				PRODUCT_BUNDLE_IDENTIFIER = com.immich.uploader;
				PRODUCT_NAME = "$(TARGET_NAME)";
				SWIFT_EMIT_LOC_STRINGS = YES;
				SWIFT_VERSION = 5.0;
				TARGETED_DEVICE_FAMILY = "1,2";
			};
			name = Debug;
		};
		2A00002D0000000000000001 /* Release */ = {
			isa = XCBuildConfiguration;
			buildSettings = {
				ASSETCATALOG_COMPILER_APPICON_NAME = AppIcon;
				ASSETCATALOG_COMPILER_GLOBAL_ACCENT_COLOR_NAME = AccentColor;
				CODE_SIGN_STYLE = Automatic;
				CURRENT_PROJECT_VERSION = 1;
				DEVELOPMENT_TEAM = U46W9497DX;
				ENABLE_PREVIEWS = YES;
				GENERATE_INFOPLIST_FILE = YES;
				INFOPLIST_FILE = ImmichUploader/Info.plist;
				INFOPLIST_KEY_CFBundleDisplayName = "Immich Uploader";
				INFOPLIST_KEY_LSApplicationCategoryType = "public.app-category.utilities";
				INFOPLIST_KEY_UIApplicationSceneManifest_Generation = YES;
				INFOPLIST_KEY_UIApplicationSupportsIndirectInputEvents = YES;
				INFOPLIST_KEY_UILaunchScreen_Generation = YES;
				INFOPLIST_KEY_UISupportedInterfaceOrientations_iPad = "UIInterfaceOrientationPortrait UIInterfaceOrientationPortraitUpsideDown UIInterfaceOrientationLandscapeLeft UIInterfaceOrientationLandscapeRight";
				INFOPLIST_KEY_UISupportedInterfaceOrientations_iPhone = "UIInterfaceOrientationPortrait UIInterfaceOrientationLandscapeLeft UIInterfaceOrientationLandscapeRight";
				LD_RUNPATH_SEARCH_PATHS = (
					"$(inherited)",
					"@executable_path/Frameworks",
				);
				MARKETING_VERSION = 0.0.1;
				PRODUCT_BUNDLE_IDENTIFIER = com.immich.uploader;
				PRODUCT_NAME = "$(TARGET_NAME)";
				SWIFT_EMIT_LOC_STRINGS = YES;
				SWIFT_VERSION = 5.0;
				TARGETED_DEVICE_FAMILY = "1,2";
			};
			name = Release;
		};
/* End XCBuildConfiguration section */

/* Begin XCConfigurationList section */
		2A0000250000000000000001 /* Build configuration list for PBXNativeTarget "ImmichUploader" */ = {
			isa = XCConfigurationList;
			buildConfigurations = (
				2A00002C0000000000000001 /* Debug */,
				2A00002D0000000000000001 /* Release */,
			);
			defaultConfigurationIsVisible = 0;
			defaultConfigurationName = Release;
		};
		2A0000290000000000000001 /* Build configuration list for PBXProject "ImmichUploader" */ = {
			isa = XCConfigurationList;
			buildConfigurations = (
				2A00002A0000000000000001 /* Debug */,
				2A00002B0000000000000001 /* Release */,
			);
			defaultConfigurationIsVisible = 0;
			defaultConfigurationName = Release;
		};
/* End XCConfigurationList section */
	};
	rootObject = 2A0000280000000000000001 /* Project object */;
}
